// !$*UTF8*$!
{
	archiveVersion = 1;
	classes = {
	};
	objectVersion = 55;
	objects = {

/* Begin PBXBuildFile section */
		01A2B04D9CE8EE141C03948E /* Pods_Flix_App_Flix_AppUITests.framework in Frameworks */ = {isa = PBXBuildFile; fileRef = 65C06037A3FDBF12E849F166 /* Pods_Flix_App_Flix_AppUITests.framework */; };
		CFFE18982740E9D0002D38CD /* AppDelegate.swift in Sources */ = {isa = PBXBuildFile; fileRef = CFFE18972740E9D0002D38CD /* AppDelegate.swift */; };
		CFFE189A2740E9D0002D38CD /* SceneDelegate.swift in Sources */ = {isa = PBXBuildFile; fileRef = CFFE18992740E9D0002D38CD /* SceneDelegate.swift */; };
		CFFE189C2740E9D0002D38CD /* ViewController.swift in Sources */ = {isa = PBXBuildFile; fileRef = CFFE189B2740E9D0002D38CD /* ViewController.swift */; };
		CFFE189F2740E9D0002D38CD /* Main.storyboard in Resources */ = {isa = PBXBuildFile; fileRef = CFFE189D2740E9D0002D38CD /* Main.storyboard */; };
		CFFE18A12740E9D2002D38CD /* Assets.xcassets in Resources */ = {isa = PBXBuildFile; fileRef = CFFE18A02740E9D2002D38CD /* Assets.xcassets */; };
		CFFE18A42740E9D2002D38CD /* LaunchScreen.storyboard in Resources */ = {isa = PBXBuildFile; fileRef = CFFE18A22740E9D2002D38CD /* LaunchScreen.storyboard */; };
		CFFE18AF2740E9D3002D38CD /* Flix_AppTests.swift in Sources */ = {isa = PBXBuildFile; fileRef = CFFE18AE2740E9D3002D38CD /* Flix_AppTests.swift */; };
		CFFE18B92740E9D3002D38CD /* Flix_AppUITests.swift in Sources */ = {isa = PBXBuildFile; fileRef = CFFE18B82740E9D3002D38CD /* Flix_AppUITests.swift */; };
		CFFE18BB2740E9D3002D38CD /* Flix_AppUITestsLaunchTests.swift in Sources */ = {isa = PBXBuildFile; fileRef = CFFE18BA2740E9D3002D38CD /* Flix_AppUITestsLaunchTests.swift */; };
		CFFE18C827419199002D38CD /* MovieCell.swift in Sources */ = {isa = PBXBuildFile; fileRef = CFFE18C727419199002D38CD /* MovieCell.swift */; };
		E4E2D12B5711E21FD79ECA24 /* Pods_Flix_App.framework in Frameworks */ = {isa = PBXBuildFile; fileRef = 613EF0B24831ADB36E0E0608 /* Pods_Flix_App.framework */; };
		F3A31C262AA4EBCEF9B27688 /* Pods_Flix_AppTests.framework in Frameworks */ = {isa = PBXBuildFile; fileRef = BAC711B2AE47925A6A99767C /* Pods_Flix_AppTests.framework */; };
/* End PBXBuildFile section */

/* Begin PBXContainerItemProxy section */
		CFFE18AB2740E9D3002D38CD /* PBXContainerItemProxy */ = {
			isa = PBXContainerItemProxy;
			containerPortal = CFFE188C2740E9D0002D38CD /* Project object */;
			proxyType = 1;
			remoteGlobalIDString = CFFE18932740E9D0002D38CD;
			remoteInfo = "Flix App";
		};
		CFFE18B52740E9D3002D38CD /* PBXContainerItemProxy */ = {
			isa = PBXContainerItemProxy;
			containerPortal = CFFE188C2740E9D0002D38CD /* Project object */;
			proxyType = 1;
			remoteGlobalIDString = CFFE18932740E9D0002D38CD;
			remoteInfo = "Flix App";
		};
/* End PBXContainerItemProxy section */

/* Begin PBXFileReference section */
		2EAC11515D43DD9AB277E1FC /* Pods-Flix App-Flix AppUITests.debug.xcconfig */ = {isa = PBXFileReference; includeInIndex = 1; lastKnownFileType = text.xcconfig; name = "Pods-Flix App-Flix AppUITests.debug.xcconfig"; path = "Target Support Files/Pods-Flix App-Flix AppUITests/Pods-Flix App-Flix AppUITests.debug.xcconfig"; sourceTree = "<group>"; };
		5B9EF7C9E102D01214A6E251 /* Pods-Flix App.release.xcconfig */ = {isa = PBXFileReference; includeInIndex = 1; lastKnownFileType = text.xcconfig; name = "Pods-Flix App.release.xcconfig"; path = "Target Support Files/Pods-Flix App/Pods-Flix App.release.xcconfig"; sourceTree = "<group>"; };
		613EF0B24831ADB36E0E0608 /* Pods_Flix_App.framework */ = {isa = PBXFileReference; explicitFileType = wrapper.framework; includeInIndex = 0; path = Pods_Flix_App.framework; sourceTree = BUILT_PRODUCTS_DIR; };
		65C06037A3FDBF12E849F166 /* Pods_Flix_App_Flix_AppUITests.framework */ = {isa = PBXFileReference; explicitFileType = wrapper.framework; includeInIndex = 0; path = Pods_Flix_App_Flix_AppUITests.framework; sourceTree = BUILT_PRODUCTS_DIR; };
		6D37CFD2D2E9A0621DA2045A /* Pods-Flix App.debug.xcconfig */ = {isa = PBXFileReference; includeInIndex = 1; lastKnownFileType = text.xcconfig; name = "Pods-Flix App.debug.xcconfig"; path = "Target Support Files/Pods-Flix App/Pods-Flix App.debug.xcconfig"; sourceTree = "<group>"; };
		84AB621A43A27261108EDFB3 /* Pods-Flix App-Flix AppUITests.release.xcconfig */ = {isa = PBXFileReference; includeInIndex = 1; lastKnownFileType = text.xcconfig; name = "Pods-Flix App-Flix AppUITests.release.xcconfig"; path = "Target Support Files/Pods-Flix App-Flix AppUITests/Pods-Flix App-Flix AppUITests.release.xcconfig"; sourceTree = "<group>"; };
		9D61B033F2A968899061EB9F /* Pods-Flix AppTests.debug.xcconfig */ = {isa = PBXFileReference; includeInIndex = 1; lastKnownFileType = text.xcconfig; name = "Pods-Flix AppTests.debug.xcconfig"; path = "Target Support Files/Pods-Flix AppTests/Pods-Flix AppTests.debug.xcconfig"; sourceTree = "<group>"; };
		B39712C6857CE74AF6C60213 /* Pods-Flix AppTests.release.xcconfig */ = {isa = PBXFileReference; includeInIndex = 1; lastKnownFileType = text.xcconfig; name = "Pods-Flix AppTests.release.xcconfig"; path = "Target Support Files/Pods-Flix AppTests/Pods-Flix AppTests.release.xcconfig"; sourceTree = "<group>"; };
		BAC711B2AE47925A6A99767C /* Pods_Flix_AppTests.framework */ = {isa = PBXFileReference; explicitFileType = wrapper.framework; includeInIndex = 0; path = Pods_Flix_AppTests.framework; sourceTree = BUILT_PRODUCTS_DIR; };
		CFFE18942740E9D0002D38CD /* Flix App.app */ = {isa = PBXFileReference; explicitFileType = wrapper.application; includeInIndex = 0; path = "Flix App.app"; sourceTree = BUILT_PRODUCTS_DIR; };
		CFFE18972740E9D0002D38CD /* AppDelegate.swift */ = {isa = PBXFileReference; lastKnownFileType = sourcecode.swift; path = AppDelegate.swift; sourceTree = "<group>"; };
		CFFE18992740E9D0002D38CD /* SceneDelegate.swift */ = {isa = PBXFileReference; lastKnownFileType = sourcecode.swift; path = SceneDelegate.swift; sourceTree = "<group>"; };
		CFFE189B2740E9D0002D38CD /* ViewController.swift */ = {isa = PBXFileReference; lastKnownFileType = sourcecode.swift; path = ViewController.swift; sourceTree = "<group>"; };
		CFFE189E2740E9D0002D38CD /* Base */ = {isa = PBXFileReference; lastKnownFileType = file.storyboard; name = Base; path = Base.lproj/Main.storyboard; sourceTree = "<group>"; };
		CFFE18A02740E9D2002D38CD /* Assets.xcassets */ = {isa = PBXFileReference; lastKnownFileType = folder.assetcatalog; path = Assets.xcassets; sourceTree = "<group>"; };
		CFFE18A32740E9D2002D38CD /* Base */ = {isa = PBXFileReference; lastKnownFileType = file.storyboard; name = Base; path = Base.lproj/LaunchScreen.storyboard; sourceTree = "<group>"; };
		CFFE18A52740E9D2002D38CD /* Info.plist */ = {isa = PBXFileReference; lastKnownFileType = text.plist.xml; path = Info.plist; sourceTree = "<group>"; };
		CFFE18AA2740E9D3002D38CD /* Flix AppTests.xctest */ = {isa = PBXFileReference; explicitFileType = wrapper.cfbundle; includeInIndex = 0; path = "Flix AppTests.xctest"; sourceTree = BUILT_PRODUCTS_DIR; };
		CFFE18AE2740E9D3002D38CD /* Flix_AppTests.swift */ = {isa = PBXFileReference; lastKnownFileType = sourcecode.swift; path = Flix_AppTests.swift; sourceTree = "<group>"; };
		CFFE18B42740E9D3002D38CD /* Flix AppUITests.xctest */ = {isa = PBXFileReference; explicitFileType = wrapper.cfbundle; includeInIndex = 0; path = "Flix AppUITests.xctest"; sourceTree = BUILT_PRODUCTS_DIR; };
		CFFE18B82740E9D3002D38CD /* Flix_AppUITests.swift */ = {isa = PBXFileReference; lastKnownFileType = sourcecode.swift; path = Flix_AppUITests.swift; sourceTree = "<group>"; };
		CFFE18BA2740E9D3002D38CD /* Flix_AppUITestsLaunchTests.swift */ = {isa = PBXFileReference; lastKnownFileType = sourcecode.swift; path = Flix_AppUITestsLaunchTests.swift; sourceTree = "<group>"; };
		CFFE18C727419199002D38CD /* MovieCell.swift */ = {isa = PBXFileReference; lastKnownFileType = sourcecode.swift; path = MovieCell.swift; sourceTree = "<group>"; };
/* End PBXFileReference section */

/* Begin PBXFrameworksBuildPhase section */
		CFFE18912740E9D0002D38CD /* Frameworks */ = {
			isa = PBXFrameworksBuildPhase;
			buildActionMask = 2147483647;
			files = (
				E4E2D12B5711E21FD79ECA24 /* Pods_Flix_App.framework in Frameworks */,
			);
			runOnlyForDeploymentPostprocessing = 0;
		};
		CFFE18A72740E9D3002D38CD /* Frameworks */ = {
			isa = PBXFrameworksBuildPhase;
			buildActionMask = 2147483647;
			files = (
				F3A31C262AA4EBCEF9B27688 /* Pods_Flix_AppTests.framework in Frameworks */,
			);
			runOnlyForDeploymentPostprocessing = 0;
		};
		CFFE18B12740E9D3002D38CD /* Frameworks */ = {
			isa = PBXFrameworksBuildPhase;
			buildActionMask = 2147483647;
			files = (
				01A2B04D9CE8EE141C03948E /* Pods_Flix_App_Flix_AppUITests.framework in Frameworks */,
			);
			runOnlyForDeploymentPostprocessing = 0;
		};
/* End PBXFrameworksBuildPhase section */

/* Begin PBXGroup section */
		4EF4FA3C57F39855C2077C61 /* Frameworks */ = {
			isa = PBXGroup;
			children = (
				613EF0B24831ADB36E0E0608 /* Pods_Flix_App.framework */,
				65C06037A3FDBF12E849F166 /* Pods_Flix_App_Flix_AppUITests.framework */,
				BAC711B2AE47925A6A99767C /* Pods_Flix_AppTests.framework */,
			);
			name = Frameworks;
			sourceTree = "<group>";
		};
		CFFE188B2740E9D0002D38CD = {
			isa = PBXGroup;
			children = (
				CFFE18962740E9D0002D38CD /* Flix App */,
				CFFE18AD2740E9D3002D38CD /* Flix AppTests */,
				CFFE18B72740E9D3002D38CD /* Flix AppUITests */,
				CFFE18952740E9D0002D38CD /* Products */,
				F7024F1456E24BE1232E799A /* Pods */,
				4EF4FA3C57F39855C2077C61 /* Frameworks */,
			);
			sourceTree = "<group>";
		};
		CFFE18952740E9D0002D38CD /* Products */ = {
			isa = PBXGroup;
			children = (
				CFFE18942740E9D0002D38CD /* Flix App.app */,
				CFFE18AA2740E9D3002D38CD /* Flix AppTests.xctest */,
				CFFE18B42740E9D3002D38CD /* Flix AppUITests.xctest */,
			);
			name = Products;
			sourceTree = "<group>";
		};
		CFFE18962740E9D0002D38CD /* Flix App */ = {
			isa = PBXGroup;
			children = (
				CFFE18972740E9D0002D38CD /* AppDelegate.swift */,
				CFFE18992740E9D0002D38CD /* SceneDelegate.swift */,
				CFFE189B2740E9D0002D38CD /* ViewController.swift */,
				CFFE189D2740E9D0002D38CD /* Main.storyboard */,
				CFFE18C727419199002D38CD /* MovieCell.swift */,
				CFFE18A02740E9D2002D38CD /* Assets.xcassets */,
				CFFE18A22740E9D2002D38CD /* LaunchScreen.storyboard */,
				CFFE18A52740E9D2002D38CD /* Info.plist */,
			);
			path = "Flix App";
			sourceTree = "<group>";
		};
		CFFE18AD2740E9D3002D38CD /* Flix AppTests */ = {
			isa = PBXGroup;
			children = (
				CFFE18AE2740E9D3002D38CD /* Flix_AppTests.swift */,
			);
			path = "Flix AppTests";
			sourceTree = "<group>";
		};
		CFFE18B72740E9D3002D38CD /* Flix AppUITests */ = {
			isa = PBXGroup;
			children = (
				CFFE18B82740E9D3002D38CD /* Flix_AppUITests.swift */,
				CFFE18BA2740E9D3002D38CD /* Flix_AppUITestsLaunchTests.swift */,
			);
			path = "Flix AppUITests";
			sourceTree = "<group>";
		};
		F7024F1456E24BE1232E799A /* Pods */ = {
			isa = PBXGroup;
			children = (
				6D37CFD2D2E9A0621DA2045A /* Pods-Flix App.debug.xcconfig */,
				5B9EF7C9E102D01214A6E251 /* Pods-Flix App.release.xcconfig */,
				2EAC11515D43DD9AB277E1FC /* Pods-Flix App-Flix AppUITests.debug.xcconfig */,
				84AB621A43A27261108EDFB3 /* Pods-Flix App-Flix AppUITests.release.xcconfig */,
				9D61B033F2A968899061EB9F /* Pods-Flix AppTests.debug.xcconfig */,
				B39712C6857CE74AF6C60213 /* Pods-Flix AppTests.release.xcconfig */,
			);
			name = Pods;
			path = Pods;
			sourceTree = "<group>";
		};
/* End PBXGroup section */

/* Begin PBXNativeTarget section */
		CFFE18932740E9D0002D38CD /* Flix App */ = {
			isa = PBXNativeTarget;
			buildConfigurationList = CFFE18BE2740E9D3002D38CD /* Build configuration list for PBXNativeTarget "Flix App" */;
			buildPhases = (
				14CAEA1FEC020B295AD812D2 /* [CP] Check Pods Manifest.lock */,
				CFFE18902740E9D0002D38CD /* Sources */,
				CFFE18912740E9D0002D38CD /* Frameworks */,
				CFFE18922740E9D0002D38CD /* Resources */,
				7B8B9E56CAD2E497C4DFBAF9 /* [CP] Embed Pods Frameworks */,
			);
			buildRules = (
			);
			dependencies = (
			);
			name = "Flix App";
			productName = "Flix App";
			productReference = CFFE18942740E9D0002D38CD /* Flix App.app */;
			productType = "com.apple.product-type.application";
		};
		CFFE18A92740E9D3002D38CD /* Flix AppTests */ = {
			isa = PBXNativeTarget;
			buildConfigurationList = CFFE18C12740E9D3002D38CD /* Build configuration list for PBXNativeTarget "Flix AppTests" */;
			buildPhases = (
				0D5D9E4B55885B2D3062B5C8 /* [CP] Check Pods Manifest.lock */,
				CFFE18A62740E9D3002D38CD /* Sources */,
				CFFE18A72740E9D3002D38CD /* Frameworks */,
				CFFE18A82740E9D3002D38CD /* Resources */,
			);
			buildRules = (
			);
			dependencies = (
				CFFE18AC2740E9D3002D38CD /* PBXTargetDependency */,
			);
			name = "Flix AppTests";
			productName = "Flix AppTests";
			productReference = CFFE18AA2740E9D3002D38CD /* Flix AppTests.xctest */;
			productType = "com.apple.product-type.bundle.unit-test";
		};
		CFFE18B32740E9D3002D38CD /* Flix AppUITests */ = {
			isa = PBXNativeTarget;
			buildConfigurationList = CFFE18C42740E9D3002D38CD /* Build configuration list for PBXNativeTarget "Flix AppUITests" */;
			buildPhases = (
				201495B4AA7B0B807E45BEE6 /* [CP] Check Pods Manifest.lock */,
				CFFE18B02740E9D3002D38CD /* Sources */,
				CFFE18B12740E9D3002D38CD /* Frameworks */,
				CFFE18B22740E9D3002D38CD /* Resources */,
				06585ACFA53C95295F203581 /* [CP] Embed Pods Frameworks */,
			);
			buildRules = (
			);
			dependencies = (
				CFFE18B62740E9D3002D38CD /* PBXTargetDependency */,
			);
			name = "Flix AppUITests";
			productName = "Flix AppUITests";
			productReference = CFFE18B42740E9D3002D38CD /* Flix AppUITests.xctest */;
			productType = "com.apple.product-type.bundle.ui-testing";
		};
/* End PBXNativeTarget section */

/* Begin PBXProject section */
		CFFE188C2740E9D0002D38CD /* Project object */ = {
			isa = PBXProject;
			attributes = {
				BuildIndependentTargetsInParallel = 1;
				LastSwiftUpdateCheck = 1300;
				LastUpgradeCheck = 1300;
				TargetAttributes = {
					CFFE18932740E9D0002D38CD = {
						CreatedOnToolsVersion = 13.0;
					};
					CFFE18A92740E9D3002D38CD = {
						CreatedOnToolsVersion = 13.0;
						TestTargetID = CFFE18932740E9D0002D38CD;
					};
					CFFE18B32740E9D3002D38CD = {
						CreatedOnToolsVersion = 13.0;
						TestTargetID = CFFE18932740E9D0002D38CD;
					};
				};
			};
			buildConfigurationList = CFFE188F2740E9D0002D38CD /* Build configuration list for PBXProject "Flix App" */;
			compatibilityVersion = "Xcode 13.0";
			developmentRegion = en;
			hasScannedForEncodings = 0;
			knownRegions = (
				en,
				Base,
			);
			mainGroup = CFFE188B2740E9D0002D38CD;
			productRefGroup = CFFE18952740E9D0002D38CD /* Products */;
			projectDirPath = "";
			projectRoot = "";
			targets = (
				CFFE18932740E9D0002D38CD /* Flix App */,
				CFFE18A92740E9D3002D38CD /* Flix AppTests */,
				CFFE18B32740E9D3002D38CD /* Flix AppUITests */,
			);
		};
/* End PBXProject section */

/* Begin PBXResourcesBuildPhase section */
		CFFE18922740E9D0002D38CD /* Resources */ = {
			isa = PBXResourcesBuildPhase;
			buildActionMask = 2147483647;
			files = (
				CFFE18A42740E9D2002D38CD /* LaunchScreen.storyboard in Resources */,
				CFFE18A12740E9D2002D38CD /* Assets.xcassets in Resources */,
				CFFE189F2740E9D0002D38CD /* Main.storyboard in Resources */,
			);
			runOnlyForDeploymentPostprocessing = 0;
		};
		CFFE18A82740E9D3002D38CD /* Resources */ = {
			isa = PBXResourcesBuildPhase;
			buildActionMask = 2147483647;
			files = (
			);
			runOnlyForDeploymentPostprocessing = 0;
		};
		CFFE18B22740E9D3002D38CD /* Resources */ = {
			isa = PBXResourcesBuildPhase;
			buildActionMask = 2147483647;
			files = (
			);
			runOnlyForDeploymentPostprocessing = 0;
		};
/* End PBXResourcesBuildPhase section */

/* Begin PBXShellScriptBuildPhase section */
		06585ACFA53C95295F203581 /* [CP] Embed Pods Frameworks */ = {
			isa = PBXShellScriptBuildPhase;
			buildActionMask = 2147483647;
			files = (
			);
			inputFileListPaths = (
				"${PODS_ROOT}/Target Support Files/Pods-Flix App-Flix AppUITests/Pods-Flix App-Flix AppUITests-frameworks-${CONFIGURATION}-input-files.xcfilelist",
			);
			name = "[CP] Embed Pods Frameworks";
			outputFileListPaths = (
				"${PODS_ROOT}/Target Support Files/Pods-Flix App-Flix AppUITests/Pods-Flix App-Flix AppUITests-frameworks-${CONFIGURATION}-output-files.xcfilelist",
			);
			runOnlyForDeploymentPostprocessing = 0;
			shellPath = /bin/sh;
			shellScript = "\"${PODS_ROOT}/Target Support Files/Pods-Flix App-Flix AppUITests/Pods-Flix App-Flix AppUITests-frameworks.sh\"\n";
			showEnvVarsInLog = 0;
		};
		0D5D9E4B55885B2D3062B5C8 /* [CP] Check Pods Manifest.lock */ = {
			isa = PBXShellScriptBuildPhase;
			buildActionMask = 2147483647;
			files = (
			);
			inputFileListPaths = (
			);
			inputPaths = (
				"${PODS_PODFILE_DIR_PATH}/Podfile.lock",
				"${PODS_ROOT}/Manifest.lock",
			);
			name = "[CP] Check Pods Manifest.lock";
			outputFileListPaths = (
			);
			outputPaths = (
				"$(DERIVED_FILE_DIR)/Pods-Flix AppTests-checkManifestLockResult.txt",
			);
			runOnlyForDeploymentPostprocessing = 0;
			shellPath = /bin/sh;
			shellScript = "diff \"${PODS_PODFILE_DIR_PATH}/Podfile.lock\" \"${PODS_ROOT}/Manifest.lock\" > /dev/null\nif [ $? != 0 ] ; then\n    # print error to STDERR\n    echo \"error: The sandbox is not in sync with the Podfile.lock. Run 'pod install' or update your CocoaPods installation.\" >&2\n    exit 1\nfi\n# This output is used by Xcode 'outputs' to avoid re-running this script phase.\necho \"SUCCESS\" > \"${SCRIPT_OUTPUT_FILE_0}\"\n";
			showEnvVarsInLog = 0;
		};
		14CAEA1FEC020B295AD812D2 /* [CP] Check Pods Manifest.lock */ = {
			isa = PBXShellScriptBuildPhase;
			buildActionMask = 2147483647;
			files = (
			);
			inputFileListPaths = (
			);
			inputPaths = (
				"${PODS_PODFILE_DIR_PATH}/Podfile.lock",
				"${PODS_ROOT}/Manifest.lock",
			);
			name = "[CP] Check Pods Manifest.lock";
			outputFileListPaths = (
			);
			outputPaths = (
				"$(DERIVED_FILE_DIR)/Pods-Flix App-checkManifestLockResult.txt",
			);
			runOnlyForDeploymentPostprocessing = 0;
			shellPath = /bin/sh;
			shellScript = "diff \"${PODS_PODFILE_DIR_PATH}/Podfile.lock\" \"${PODS_ROOT}/Manifest.lock\" > /dev/null\nif [ $? != 0 ] ; then\n    # print error to STDERR\n    echo \"error: The sandbox is not in sync with the Podfile.lock. Run 'pod install' or update your CocoaPods installation.\" >&2\n    exit 1\nfi\n# This output is used by Xcode 'outputs' to avoid re-running this script phase.\necho \"SUCCESS\" > \"${SCRIPT_OUTPUT_FILE_0}\"\n";
			showEnvVarsInLog = 0;
		};
		201495B4AA7B0B807E45BEE6 /* [CP] Check Pods Manifest.lock */ = {
			isa = PBXShellScriptBuildPhase;
			buildActionMask = 2147483647;
			files = (
			);
			inputFileListPaths = (
			);
			inputPaths = (
				"${PODS_PODFILE_DIR_PATH}/Podfile.lock",
				"${PODS_ROOT}/Manifest.lock",
			);
			name = "[CP] Check Pods Manifest.lock";
			outputFileListPaths = (
			);
			outputPaths = (
				"$(DERIVED_FILE_DIR)/Pods-Flix App-Flix AppUITests-checkManifestLockResult.txt",
			);
			runOnlyForDeploymentPostprocessing = 0;
			shellPath = /bin/sh;
			shellScript = "diff \"${PODS_PODFILE_DIR_PATH}/Podfile.lock\" \"${PODS_ROOT}/Manifest.lock\" > /dev/null\nif [ $? != 0 ] ; then\n    # print error to STDERR\n    echo \"error: The sandbox is not in sync with the Podfile.lock. Run 'pod install' or update your CocoaPods installation.\" >&2\n    exit 1\nfi\n# This output is used by Xcode 'outputs' to avoid re-running this script phase.\necho \"SUCCESS\" > \"${SCRIPT_OUTPUT_FILE_0}\"\n";
			showEnvVarsInLog = 0;
		};
		7B8B9E56CAD2E497C4DFBAF9 /* [CP] Embed Pods Frameworks */ = {
			isa = PBXShellScriptBuildPhase;
			buildActionMask = 2147483647;
			files = (
			);
			inputFileListPaths = (
				"${PODS_ROOT}/Target Support Files/Pods-Flix App/Pods-Flix App-frameworks-${CONFIGURATION}-input-files.xcfilelist",
			);
			name = "[CP] Embed Pods Frameworks";
			outputFileListPaths = (
				"${PODS_ROOT}/Target Support Files/Pods-Flix App/Pods-Flix App-frameworks-${CONFIGURATION}-output-files.xcfilelist",
			);
			runOnlyForDeploymentPostprocessing = 0;
			shellPath = /bin/sh;
			shellScript = "\"${PODS_ROOT}/Target Support Files/Pods-Flix App/Pods-Flix App-frameworks.sh\"\n";
			showEnvVarsInLog = 0;
		};
/* End PBXShellScriptBuildPhase section */

/* Begin PBXSourcesBuildPhase section */
		CFFE18902740E9D0002D38CD /* Sources */ = {
			isa = PBXSourcesBuildPhase;
			buildActionMask = 2147483647;
			files = (
				CFFE189C2740E9D0002D38CD /* ViewController.swift in Sources */,
				CFFE18982740E9D0002D38CD /* AppDelegate.swift in Sources */,
				CFFE18C827419199002D38CD /* MovieCell.swift in Sources */,
				CFFE189A2740E9D0002D38CD /* SceneDelegate.swift in Sources */,
			);
			runOnlyForDeploymentPostprocessing = 0;
		};
		CFFE18A62740E9D3002D38CD /* Sources */ = {
			isa = PBXSourcesBuildPhase;
			buildActionMask = 2147483647;
			files = (
				CFFE18AF2740E9D3002D38CD /* Flix_AppTests.swift in Sources */,
			);
			runOnlyForDeploymentPostprocessing = 0;
		};
		CFFE18B02740E9D3002D38CD /* Sources */ = {
			isa = PBXSourcesBuildPhase;
			buildActionMask = 2147483647;
			files = (
				CFFE18BB2740E9D3002D38CD /* Flix_AppUITestsLaunchTests.swift in Sources */,
				CFFE18B92740E9D3002D38CD /* Flix_AppUITests.swift in Sources */,
			);
			runOnlyForDeploymentPostprocessing = 0;
		};
/* End PBXSourcesBuildPhase section */

/* Begin PBXTargetDependency section */
		CFFE18AC2740E9D3002D38CD /* PBXTargetDependency */ = {
			isa = PBXTargetDependency;
			target = CFFE18932740E9D0002D38CD /* Flix App */;
			targetProxy = CFFE18AB2740E9D3002D38CD /* PBXContainerItemProxy */;
		};
		CFFE18B62740E9D3002D38CD /* PBXTargetDependency */ = {
			isa = PBXTargetDependency;
			target = CFFE18932740E9D0002D38CD /* Flix App */;
			targetProxy = CFFE18B52740E9D3002D38CD /* PBXContainerItemProxy */;
		};
/* End PBXTargetDependency section */

/* Begin PBXVariantGroup section */
		CFFE189D2740E9D0002D38CD /* Main.storyboard */ = {
			isa = PBXVariantGroup;
			children = (
				CFFE189E2740E9D0002D38CD /* Base */,
			);
			name = Main.storyboard;
			sourceTree = "<group>";
		};
		CFFE18A22740E9D2002D38CD /* LaunchScreen.storyboard */ = {
			isa = PBXVariantGroup;
			children = (
				CFFE18A32740E9D2002D38CD /* Base */,
			);
			name = LaunchScreen.storyboard;
			sourceTree = "<group>";
		};
/* End PBXVariantGroup section */

/* Begin XCBuildConfiguration section */
		CFFE18BC2740E9D3002D38CD /* Debug */ = {
			isa = XCBuildConfiguration;
			buildSettings = {
				ALWAYS_SEARCH_USER_PATHS = NO;
				CLANG_ANALYZER_NONNULL = YES;
				CLANG_ANALYZER_NUMBER_OBJECT_CONVERSION = YES_AGGRESSIVE;
				CLANG_CXX_LANGUAGE_STANDARD = "gnu++17";
				CLANG_CXX_LIBRARY = "libc++";
				CLANG_ENABLE_MODULES = YES;
				CLANG_ENABLE_OBJC_ARC = YES;
				CLANG_ENABLE_OBJC_WEAK = YES;
				CLANG_WARN_BLOCK_CAPTURE_AUTORELEASING = YES;
				CLANG_WARN_BOOL_CONVERSION = YES;
				CLANG_WARN_COMMA = YES;
				CLANG_WARN_CONSTANT_CONVERSION = YES;
				CLANG_WARN_DEPRECATED_OBJC_IMPLEMENTATIONS = YES;
				CLANG_WARN_DIRECT_OBJC_ISA_USAGE = YES_ERROR;
				CLANG_WARN_DOCUMENTATION_COMMENTS = YES;
				CLANG_WARN_EMPTY_BODY = YES;
				CLANG_WARN_ENUM_CONVERSION = YES;
				CLANG_WARN_INFINITE_RECURSION = YES;
				CLANG_WARN_INT_CONVERSION = YES;
				CLANG_WARN_NON_LITERAL_NULL_CONVERSION = YES;
				CLANG_WARN_OBJC_IMPLICIT_RETAIN_SELF = YES;
				CLANG_WARN_OBJC_LITERAL_CONVERSION = YES;
				CLANG_WARN_OBJC_ROOT_CLASS = YES_ERROR;
				CLANG_WARN_QUOTED_INCLUDE_IN_FRAMEWORK_HEADER = YES;
				CLANG_WARN_RANGE_LOOP_ANALYSIS = YES;
				CLANG_WARN_STRICT_PROTOTYPES = YES;
				CLANG_WARN_SUSPICIOUS_MOVE = YES;
				CLANG_WARN_UNGUARDED_AVAILABILITY = YES_AGGRESSIVE;
				CLANG_WARN_UNREACHABLE_CODE = YES;
				CLANG_WARN__DUPLICATE_METHOD_MATCH = YES;
				COPY_PHASE_STRIP = NO;
				DEBUG_INFORMATION_FORMAT = dwarf;
				ENABLE_STRICT_OBJC_MSGSEND = YES;
				ENABLE_TESTABILITY = YES;
				GCC_C_LANGUAGE_STANDARD = gnu11;
				GCC_DYNAMIC_NO_PIC = NO;
				GCC_NO_COMMON_BLOCKS = YES;
				GCC_OPTIMIZATION_LEVEL = 0;
				GCC_PREPROCESSOR_DEFINITIONS = (
					"DEBUG=1",
					"$(inherited)",
				);
				GCC_WARN_64_TO_32_BIT_CONVERSION = YES;
				GCC_WARN_ABOUT_RETURN_TYPE = YES_ERROR;
				GCC_WARN_UNDECLARED_SELECTOR = YES;
				GCC_WARN_UNINITIALIZED_AUTOS = YES_AGGRESSIVE;
				GCC_WARN_UNUSED_FUNCTION = YES;
				GCC_WARN_UNUSED_VARIABLE = YES;
				IPHONEOS_DEPLOYMENT_TARGET = 15.0;
				MTL_ENABLE_DEBUG_INFO = INCLUDE_SOURCE;
				MTL_FAST_MATH = YES;
				ONLY_ACTIVE_ARCH = YES;
				SDKROOT = iphoneos;
				SWIFT_ACTIVE_COMPILATION_CONDITIONS = DEBUG;
				SWIFT_OPTIMIZATION_LEVEL = "-Onone";
			};
			name = Debug;
		};
		CFFE18BD2740E9D3002D38CD /* Release */ = {
			isa = XCBuildConfiguration;
			buildSettings = {
				ALWAYS_SEARCH_USER_PATHS = NO;
				CLANG_ANALYZER_NONNULL = YES;
				CLANG_ANALYZER_NUMBER_OBJECT_CONVERSION = YES_AGGRESSIVE;
				CLANG_CXX_LANGUAGE_STANDARD = "gnu++17";
				CLANG_CXX_LIBRARY = "libc++";
				CLANG_ENABLE_MODULES = YES;
				CLANG_ENABLE_OBJC_ARC = YES;
				CLANG_ENABLE_OBJC_WEAK = YES;
				CLANG_WARN_BLOCK_CAPTURE_AUTORELEASING = YES;
				CLANG_WARN_BOOL_CONVERSION = YES;
				CLANG_WARN_COMMA = YES;
				CLANG_WARN_CONSTANT_CONVERSION = YES;
				CLANG_WARN_DEPRECATED_OBJC_IMPLEMENTATIONS = YES;
				CLANG_WARN_DIRECT_OBJC_ISA_USAGE = YES_ERROR;
				CLANG_WARN_DOCUMENTATION_COMMENTS = YES;
				CLANG_WARN_EMPTY_BODY = YES;
				CLANG_WARN_ENUM_CONVERSION = YES;
				CLANG_WARN_INFINITE_RECURSION = YES;
				CLANG_WARN_INT_CONVERSION = YES;
				CLANG_WARN_NON_LITERAL_NULL_CONVERSION = YES;
				CLANG_WARN_OBJC_IMPLICIT_RETAIN_SELF = YES;
				CLANG_WARN_OBJC_LITERAL_CONVERSION = YES;
				CLANG_WARN_OBJC_ROOT_CLASS = YES_ERROR;
				CLANG_WARN_QUOTED_INCLUDE_IN_FRAMEWORK_HEADER = YES;
				CLANG_WARN_RANGE_LOOP_ANALYSIS = YES;
				CLANG_WARN_STRICT_PROTOTYPES = YES;
				CLANG_WARN_SUSPICIOUS_MOVE = YES;
				CLANG_WARN_UNGUARDED_AVAILABILITY = YES_AGGRESSIVE;
				CLANG_WARN_UNREACHABLE_CODE = YES;
				CLANG_WARN__DUPLICATE_METHOD_MATCH = YES;
				COPY_PHASE_STRIP = NO;
				DEBUG_INFORMATION_FORMAT = "dwarf-with-dsym";
				ENABLE_NS_ASSERTIONS = NO;
				ENABLE_STRICT_OBJC_MSGSEND = YES;
				GCC_C_LANGUAGE_STANDARD = gnu11;
				GCC_NO_COMMON_BLOCKS = YES;
				GCC_WARN_64_TO_32_BIT_CONVERSION = YES;
				GCC_WARN_ABOUT_RETURN_TYPE = YES_ERROR;
				GCC_WARN_UNDECLARED_SELECTOR = YES;
				GCC_WARN_UNINITIALIZED_AUTOS = YES_AGGRESSIVE;
				GCC_WARN_UNUSED_FUNCTION = YES;
				GCC_WARN_UNUSED_VARIABLE = YES;
				IPHONEOS_DEPLOYMENT_TARGET = 15.0;
				MTL_ENABLE_DEBUG_INFO = NO;
				MTL_FAST_MATH = YES;
				SDKROOT = iphoneos;
				SWIFT_COMPILATION_MODE = wholemodule;
				SWIFT_OPTIMIZATION_LEVEL = "-O";
				VALIDATE_PRODUCT = YES;
			};
			name = Release;
		};
		CFFE18BF2740E9D3002D38CD /* Debug */ = {
			isa = XCBuildConfiguration;
			baseConfigurationReference = 6D37CFD2D2E9A0621DA2045A /* Pods-Flix App.debug.xcconfig */;
			buildSettings = {
				ASSETCATALOG_COMPILER_APPICON_NAME = AppIcon;
				ASSETCATALOG_COMPILER_GLOBAL_ACCENT_COLOR_NAME = AccentColor;
				CODE_SIGN_STYLE = Automatic;
				CURRENT_PROJECT_VERSION = 1;
				DEVELOPMENT_TEAM = FC327GSBQ4;
				GENERATE_INFOPLIST_FILE = YES;
				INFOPLIST_FILE = "Flix App/Info.plist";
				INFOPLIST_KEY_UIApplicationSupportsIndirectInputEvents = YES;
				INFOPLIST_KEY_UILaunchStoryboardName = LaunchScreen;
				INFOPLIST_KEY_UIMainStoryboardFile = Main;
				INFOPLIST_KEY_UISupportedInterfaceOrientations_iPad = "UIInterfaceOrientationPortrait UIInterfaceOrientationPortraitUpsideDown UIInterfaceOrientationLandscapeLeft UIInterfaceOrientationLandscapeRight";
				INFOPLIST_KEY_UISupportedInterfaceOrientations_iPhone = "UIInterfaceOrientationPortrait UIInterfaceOrientationLandscapeLeft UIInterfaceOrientationLandscapeRight";
				LD_RUNPATH_SEARCH_PATHS = (
					"$(inherited)",
					"@executable_path/Frameworks",
				);
				MARKETING_VERSION = 1.0;
				PRODUCT_BUNDLE_IDENTIFIER = "com.rodrigomartinez1477.Flix-App";
				PRODUCT_NAME = "$(TARGET_NAME)";
				SWIFT_EMIT_LOC_STRINGS = YES;
				SWIFT_VERSION = 5.0;
				TARGETED_DEVICE_FAMILY = "1,2";
			};
			name = Debug;
		};
		CFFE18C02740E9D3002D38CD /* Release */ = {
			isa = XCBuildConfiguration;
			baseConfigurationReference = 5B9EF7C9E102D01214A6E251 /* Pods-Flix App.release.xcconfig */;
			buildSettings = {
				ASSETCATALOG_COMPILER_APPICON_NAME = AppIcon;
				ASSETCATALOG_COMPILER_GLOBAL_ACCENT_COLOR_NAME = AccentColor;
				CODE_SIGN_STYLE = Automatic;
				CURRENT_PROJECT_VERSION = 1;
				DEVELOPMENT_TEAM = FC327GSBQ4;
				GENERATE_INFOPLIST_FILE = YES;
				INFOPLIST_FILE = "Flix App/Info.plist";
				INFOPLIST_KEY_UIApplicationSupportsIndirectInputEvents = YES;
				INFOPLIST_KEY_UILaunchStoryboardName = LaunchScreen;
				INFOPLIST_KEY_UIMainStoryboardFile = Main;
				INFOPLIST_KEY_UISupportedInterfaceOrientations_iPad = "UIInterfaceOrientationPortrait UIInterfaceOrientationPortraitUpsideDown UIInterfaceOrientationLandscapeLeft UIInterfaceOrientationLandscapeRight";
				INFOPLIST_KEY_UISupportedInterfaceOrientations_iPhone = "UIInterfaceOrientationPortrait UIInterfaceOrientationLandscapeLeft UIInterfaceOrientationLandscapeRight";
				LD_RUNPATH_SEARCH_PATHS = (
					"$(inherited)",
					"@executable_path/Frameworks",
				);
				MARKETING_VERSION = 1.0;
				PRODUCT_BUNDLE_IDENTIFIER = "com.rodrigomartinez1477.Flix-App";
				PRODUCT_NAME = "$(TARGET_NAME)";
				SWIFT_EMIT_LOC_STRINGS = YES;
				SWIFT_VERSION = 5.0;
				TARGETED_DEVICE_FAMILY = "1,2";
			};
			name = Release;
		};
		CFFE18C22740E9D3002D38CD /* Debug */ = {
			isa = XCBuildConfiguration;
			baseConfigurationReference = 9D61B033F2A968899061EB9F /* Pods-Flix AppTests.debug.xcconfig */;
			buildSettings = {
				ALWAYS_EMBED_SWIFT_STANDARD_LIBRARIES = YES;
				BUNDLE_LOADER = "$(TEST_HOST)";
				CODE_SIGN_STYLE = Automatic;
				CURRENT_PROJECT_VERSION = 1;
				DEVELOPMENT_TEAM = FC327GSBQ4;
				GENERATE_INFOPLIST_FILE = YES;
				IPHONEOS_DEPLOYMENT_TARGET = 15.0;
				LD_RUNPATH_SEARCH_PATHS = (
					"$(inherited)",
					"@executable_path/Frameworks",
					"@loader_path/Frameworks",
				);
				MARKETING_VERSION = 1.0;
				PRODUCT_BUNDLE_IDENTIFIER = "com.rodrigomartinez1477.Flix-AppTests";
				PRODUCT_NAME = "$(TARGET_NAME)";
				SWIFT_EMIT_LOC_STRINGS = NO;
				SWIFT_VERSION = 5.0;
				TARGETED_DEVICE_FAMILY = "1,2";
				TEST_HOST = "$(BUILT_PRODUCTS_DIR)/Flix App.app/Flix App";
			};
			name = Debug;
		};
		CFFE18C32740E9D3002D38CD /* Release */ = {
			isa = XCBuildConfiguration;
			baseConfigurationReference = B39712C6857CE74AF6C60213 /* Pods-Flix AppTests.release.xcconfig */;
			buildSettings = {
				ALWAYS_EMBED_SWIFT_STANDARD_LIBRARIES = YES;
				BUNDLE_LOADER = "$(TEST_HOST)";
				CODE_SIGN_STYLE = Automatic;
				CURRENT_PROJECT_VERSION = 1;
				DEVELOPMENT_TEAM = FC327GSBQ4;
				GENERATE_INFOPLIST_FILE = YES;
				IPHONEOS_DEPLOYMENT_TARGET = 15.0;
				LD_RUNPATH_SEARCH_PATHS = (
					"$(inherited)",
					"@executable_path/Frameworks",
					"@loader_path/Frameworks",
				);
				MARKETING_VERSION = 1.0;
				PRODUCT_BUNDLE_IDENTIFIER = "com.rodrigomartinez1477.Flix-AppTests";
				PRODUCT_NAME = "$(TARGET_NAME)";
				SWIFT_EMIT_LOC_STRINGS = NO;
				SWIFT_VERSION = 5.0;
				TARGETED_DEVICE_FAMILY = "1,2";
				TEST_HOST = "$(BUILT_PRODUCTS_DIR)/Flix App.app/Flix App";
			};
			name = Release;
		};
		CFFE18C52740E9D3002D38CD /* Debug */ = {
			isa = XCBuildConfiguration;
			baseConfigurationReference = 2EAC11515D43DD9AB277E1FC /* Pods-Flix App-Flix AppUITests.debug.xcconfig */;
			buildSettings = {
				ALWAYS_EMBED_SWIFT_STANDARD_LIBRARIES = YES;
				CODE_SIGN_STYLE = Automatic;
				CURRENT_PROJECT_VERSION = 1;
				DEVELOPMENT_TEAM = FC327GSBQ4;
				GENERATE_INFOPLIST_FILE = YES;
				LD_RUNPATH_SEARCH_PATHS = (
					"$(inherited)",
					"@executable_path/Frameworks",
					"@loader_path/Frameworks",
				);
				MARKETING_VERSION = 1.0;
				PRODUCT_BUNDLE_IDENTIFIER = "com.rodrigomartinez1477.Flix-AppUITests";
				PRODUCT_NAME = "$(TARGET_NAME)";
				SWIFT_EMIT_LOC_STRINGS = NO;
				SWIFT_VERSION = 5.0;
				TARGETED_DEVICE_FAMILY = "1,2";
				TEST_TARGET_NAME = "Flix App";
			};
			name = Debug;
		};
		CFFE18C62740E9D3002D38CD /* Release */ = {
			isa = XCBuildConfiguration;
			baseConfigurationReference = 84AB621A43A27261108EDFB3 /* Pods-Flix App-Flix AppUITests.release.xcconfig */;
			buildSettings = {
				ALWAYS_EMBED_SWIFT_STANDARD_LIBRARIES = YES;
				CODE_SIGN_STYLE = Automatic;
				CURRENT_PROJECT_VERSION = 1;
				DEVELOPMENT_TEAM = FC327GSBQ4;
				GENERATE_INFOPLIST_FILE = YES;
				LD_RUNPATH_SEARCH_PATHS = (
					"$(inherited)",
					"@executable_path/Frameworks",
					"@loader_path/Frameworks",
				);
				MARKETING_VERSION = 1.0;
				PRODUCT_BUNDLE_IDENTIFIER = "com.rodrigomartinez1477.Flix-AppUITests";
				PRODUCT_NAME = "$(TARGET_NAME)";
				SWIFT_EMIT_LOC_STRINGS = NO;
				SWIFT_VERSION = 5.0;
				TARGETED_DEVICE_FAMILY = "1,2";
				TEST_TARGET_NAME = "Flix App";
			};
			name = Release;
		};
/* End XCBuildConfiguration section */

/* Begin XCConfigurationList section */
		CFFE188F2740E9D0002D38CD /* Build configuration list for PBXProject "Flix App" */ = {
			isa = XCConfigurationList;
			buildConfigurations = (
				CFFE18BC2740E9D3002D38CD /* Debug */,
				CFFE18BD2740E9D3002D38CD /* Release */,
			);
			defaultConfigurationIsVisible = 0;
			defaultConfigurationName = Release;
		};
		CFFE18BE2740E9D3002D38CD /* Build configuration list for PBXNativeTarget "Flix App" */ = {
			isa = XCConfigurationList;
			buildConfigurations = (
				CFFE18BF2740E9D3002D38CD /* Debug */,
				CFFE18C02740E9D3002D38CD /* Release */,
			);
			defaultConfigurationIsVisible = 0;
			defaultConfigurationName = Release;
		};
		CFFE18C12740E9D3002D38CD /* Build configuration list for PBXNativeTarget "Flix AppTests" */ = {
			isa = XCConfigurationList;
			buildConfigurations = (
				CFFE18C22740E9D3002D38CD /* Debug */,
				CFFE18C32740E9D3002D38CD /* Release */,
			);
			defaultConfigurationIsVisible = 0;
			defaultConfigurationName = Release;
		};
		CFFE18C42740E9D3002D38CD /* Build configuration list for PBXNativeTarget "Flix AppUITests" */ = {
			isa = XCConfigurationList;
			buildConfigurations = (
				CFFE18C52740E9D3002D38CD /* Debug */,
				CFFE18C62740E9D3002D38CD /* Release */,
			);
			defaultConfigurationIsVisible = 0;
			defaultConfigurationName = Release;
		};
/* End XCConfigurationList section */
	};
	rootObject = CFFE188C2740E9D0002D38CD /* Project object */;
}
